
Microsoft Visual Studio Solution File, Format Version 12.00
# Visual Studio 15
VisualStudioVersion = 15.0.27428.2015
MinimumVisualStudioVersion = 10.0.40219.1
Project("{2150E333-8FDC-42A3-9474-1A3956D46DE8}") = "Layers", "Layers", "{C1C21233-5CF2-4D77-92BA-3D1890AD0AA2}"
EndProject
Project("{2150E333-8FDC-42A3-9474-1A3956D46DE8}") = "API", "API", "{96D0AFD7-FDEA-47BA-A568-DAECABF5F397}"
EndProject
Project("{2150E333-8FDC-42A3-9474-1A3956D46DE8}") = "Business Service", "Business Service", "{F575F948-3C4C-415A-A993-3F029F6F9B29}"
EndProject
Project("{2150E333-8FDC-42A3-9474-1A3956D46DE8}") = "Cross Cuting", "Cross Cuting", "{13E94EF3-433B-4492-8138-2574CB8F547B}"
EndProject
Project("{2150E333-8FDC-42A3-9474-1A3956D46DE8}") = "Data Infrastructure", "Data Infrastructure", "{7E4366EC-C6CA-4805-A553-137BC6C38C68}"
EndProject
Project("{2150E333-8FDC-42A3-9474-1A3956D46DE8}") = "Domain", "Domain", "{36512565-F75F-4636-949B-54ABCDD2055E}"
EndProject
Project("{2150E333-8FDC-42A3-9474-1A3956D46DE8}") = "Presentacion", "Presentacion", "{19D96847-F491-4C17-979E-C74276D46831}"
EndProject
Project("{FAE04EC0-301F-11D3-BF4B-00C04F79EFBC}") = "Presentation.Web", "Presentation.Web\Presentation.Web.csproj", "{7A2E3594-1918-41B8-8B87-FDCC65B8B8E1}"
EndProject
Project("{FAE04EC0-301F-11D3-BF4B-00C04F79EFBC}") = "Domain.Core", "Domain.Core\Domain.Core.csproj", "{70ECF3CF-0984-4EAA-BE64-D18065FFB149}"
EndProject
Project("{FAE04EC0-301F-11D3-BF4B-00C04F79EFBC}") = "Domain.Entities", "Domain.Entities\Domain.Entities.csproj", "{56E37732-A6C5-4E0C-8EC7-72E399F92814}"
EndProject
Project("{FAE04EC0-301F-11D3-BF4B-00C04F79EFBC}") = "Infrastructure.Core", "Infrastructure.Core\Infrastructure.Core.csproj", "{ABDF6A52-773F-40BD-A656-2A5CFD9B0E14}"
EndProject
Project("{FAE04EC0-301F-11D3-BF4B-00C04F79EFBC}") = "Infrastructure.Data", "Infrastructure.Data\Infrastructure.Data.csproj", "{14EAAB97-11AF-4764-B577-CD11C6E17C35}"
EndProject
Project("{FAE04EC0-301F-11D3-BF4B-00C04F79EFBC}") = "CrossCutting.Enumerations", "CrossCutting.Enumerations\CrossCutting.Enumerations.csproj", "{8BFAC462-7A38-4AFA-A8DE-D21930CFEA87}"
EndProject
Project("{FAE04EC0-301F-11D3-BF4B-00C04F79EFBC}") = "CrossCutting.Helper", "CrossCutting.Helper\CrossCutting.Helper.csproj", "{3ECDE0A3-B8CA-46B7-AE2E-1A52502F057F}"
EndProject
Project("{FAE04EC0-301F-11D3-BF4B-00C04F79EFBC}") = "CrossCutting.Resources", "CrossCutting.Resources\CrossCutting.Resources.csproj", "{75D66AD6-23CA-4DB7-98E3-A7635260BE68}"
EndProject
Project("{FAE04EC0-301F-11D3-BF4B-00C04F79EFBC}") = "Business.Logic", "Business.Logic\Business.Logic.csproj", "{332A8F15-0A51-4AC7-BA53-A65DE9888ECF}"
EndProject
Project("{FAE04EC0-301F-11D3-BF4B-00C04F79EFBC}") = "API", "API\API.csproj", "{17A9B60F-26E9-40C7-85A3-9FAABE9FD161}"
EndProject
Project("{2150E333-8FDC-42A3-9474-1A3956D46DE8}") = "Jobs", "Jobs", "{CB11403C-9270-48B3-8F06-9D57A2D4653D}"
EndProject
Project("{FAE04EC0-301F-11D3-BF4B-00C04F79EFBC}") = "Notificacion.Nuevos.Proyectos.Ley", "Notificacion.Nuevos.Proyectos.Ley\Notificacion.Nuevos.Proyectos.Ley.csproj", "{7E48B834-A599-4E83-8CF5-14E96BD7CC90}"
EndProject
Global
	GlobalSection(SolutionConfigurationPlatforms) = preSolution
		Debug|Any CPU = Debug|Any CPU
		Release|Any CPU = Release|Any CPU
	EndGlobalSection
	GlobalSection(ProjectConfigurationPlatforms) = postSolution
		{7A2E3594-1918-41B8-8B87-FDCC65B8B8E1}.Debug|Any CPU.ActiveCfg = Debug|Any CPU
		{7A2E3594-1918-41B8-8B87-FDCC65B8B8E1}.Debug|Any CPU.Build.0 = Debug|Any CPU
		{7A2E3594-1918-41B8-8B87-FDCC65B8B8E1}.Release|Any CPU.ActiveCfg = Release|Any CPU
		{7A2E3594-1918-41B8-8B87-FDCC65B8B8E1}.Release|Any CPU.Build.0 = Release|Any CPU
		{70ECF3CF-0984-4EAA-BE64-D18065FFB149}.Debug|Any CPU.ActiveCfg = Debug|Any CPU
		{70ECF3CF-0984-4EAA-BE64-D18065FFB149}.Debug|Any CPU.Build.0 = Debug|Any CPU
		{70ECF3CF-0984-4EAA-BE64-D18065FFB149}.Release|Any CPU.ActiveCfg = Release|Any CPU
		{70ECF3CF-0984-4EAA-BE64-D18065FFB149}.Release|Any CPU.Build.0 = Release|Any CPU
		{56E37732-A6C5-4E0C-8EC7-72E399F92814}.Debug|Any CPU.ActiveCfg = Debug|Any CPU
		{56E37732-A6C5-4E0C-8EC7-72E399F92814}.Debug|Any CPU.Build.0 = Debug|Any CPU
		{56E37732-A6C5-4E0C-8EC7-72E399F92814}.Release|Any CPU.ActiveCfg = Release|Any CPU
		{56E37732-A6C5-4E0C-8EC7-72E399F92814}.Release|Any CPU.Build.0 = Release|Any CPU
		{ABDF6A52-773F-40BD-A656-2A5CFD9B0E14}.Debug|Any CPU.ActiveCfg = Debug|Any CPU
		{ABDF6A52-773F-40BD-A656-2A5CFD9B0E14}.Debug|Any CPU.Build.0 = Debug|Any CPU
		{ABDF6A52-773F-40BD-A656-2A5CFD9B0E14}.Release|Any CPU.ActiveCfg = Release|Any CPU
		{ABDF6A52-773F-40BD-A656-2A5CFD9B0E14}.Release|Any CPU.Build.0 = Release|Any CPU
		{14EAAB97-11AF-4764-B577-CD11C6E17C35}.Debug|Any CPU.ActiveCfg = Debug|Any CPU
		{14EAAB97-11AF-4764-B577-CD11C6E17C35}.Debug|Any CPU.Build.0 = Debug|Any CPU
		{14EAAB97-11AF-4764-B577-CD11C6E17C35}.Release|Any CPU.ActiveCfg = Release|Any CPU
		{14EAAB97-11AF-4764-B577-CD11C6E17C35}.Release|Any CPU.Build.0 = Release|Any CPU
		{8BFAC462-7A38-4AFA-A8DE-D21930CFEA87}.Debug|Any CPU.ActiveCfg = Debug|Any CPU
		{8BFAC462-7A38-4AFA-A8DE-D21930CFEA87}.Debug|Any CPU.Build.0 = Debug|Any CPU
		{8BFAC462-7A38-4AFA-A8DE-D21930CFEA87}.Release|Any CPU.ActiveCfg = Release|Any CPU
		{8BFAC462-7A38-4AFA-A8DE-D21930CFEA87}.Release|Any CPU.Build.0 = Release|Any CPU
		{3ECDE0A3-B8CA-46B7-AE2E-1A52502F057F}.Debug|Any CPU.ActiveCfg = Debug|Any CPU
		{3ECDE0A3-B8CA-46B7-AE2E-1A52502F057F}.Debug|Any CPU.Build.0 = Debug|Any CPU
		{3ECDE0A3-B8CA-46B7-AE2E-1A52502F057F}.Release|Any CPU.ActiveCfg = Release|Any CPU
		{3ECDE0A3-B8CA-46B7-AE2E-1A52502F057F}.Release|Any CPU.Build.0 = Release|Any CPU
		{75D66AD6-23CA-4DB7-98E3-A7635260BE68}.Debug|Any CPU.ActiveCfg = Debug|Any CPU
		{75D66AD6-23CA-4DB7-98E3-A7635260BE68}.Debug|Any CPU.Build.0 = Debug|Any CPU
		{75D66AD6-23CA-4DB7-98E3-A7635260BE68}.Release|Any CPU.ActiveCfg = Release|Any CPU
		{75D66AD6-23CA-4DB7-98E3-A7635260BE68}.Release|Any CPU.Build.0 = Release|Any CPU
		{332A8F15-0A51-4AC7-BA53-A65DE9888ECF}.Debug|Any CPU.ActiveCfg = Debug|Any CPU
		{332A8F15-0A51-4AC7-BA53-A65DE9888ECF}.Debug|Any CPU.Build.0 = Debug|Any CPU
		{332A8F15-0A51-4AC7-BA53-A65DE9888ECF}.Release|Any CPU.ActiveCfg = Release|Any CPU
		{332A8F15-0A51-4AC7-BA53-A65DE9888ECF}.Release|Any CPU.Build.0 = Release|Any CPU
		{17A9B60F-26E9-40C7-85A3-9FAABE9FD161}.Debug|Any CPU.ActiveCfg = Debug|Any CPU
		{17A9B60F-26E9-40C7-85A3-9FAABE9FD161}.Debug|Any CPU.Build.0 = Debug|Any CPU
		{17A9B60F-26E9-40C7-85A3-9FAABE9FD161}.Release|Any CPU.ActiveCfg = Release|Any CPU
		{17A9B60F-26E9-40C7-85A3-9FAABE9FD161}.Release|Any CPU.Build.0 = Release|Any CPU
		{7E48B834-A599-4E83-8CF5-14E96BD7CC90}.Debug|Any CPU.ActiveCfg = Debug|Any CPU
		{7E48B834-A599-4E83-8CF5-14E96BD7CC90}.Debug|Any CPU.Build.0 = Debug|Any CPU
		{7E48B834-A599-4E83-8CF5-14E96BD7CC90}.Release|Any CPU.ActiveCfg = Release|Any CPU
		{7E48B834-A599-4E83-8CF5-14E96BD7CC90}.Release|Any CPU.Build.0 = Release|Any CPU
	EndGlobalSection
	GlobalSection(SolutionProperties) = preSolution
		HideSolutionNode = FALSE
	EndGlobalSection
	GlobalSection(NestedProjects) = preSolution
		{96D0AFD7-FDEA-47BA-A568-DAECABF5F397} = {C1C21233-5CF2-4D77-92BA-3D1890AD0AA2}
		{F575F948-3C4C-415A-A993-3F029F6F9B29} = {C1C21233-5CF2-4D77-92BA-3D1890AD0AA2}
		{13E94EF3-433B-4492-8138-2574CB8F547B} = {C1C21233-5CF2-4D77-92BA-3D1890AD0AA2}
		{7E4366EC-C6CA-4805-A553-137BC6C38C68} = {C1C21233-5CF2-4D77-92BA-3D1890AD0AA2}
		{36512565-F75F-4636-949B-54ABCDD2055E} = {C1C21233-5CF2-4D77-92BA-3D1890AD0AA2}
		{19D96847-F491-4C17-979E-C74276D46831} = {C1C21233-5CF2-4D77-92BA-3D1890AD0AA2}
		{7A2E3594-1918-41B8-8B87-FDCC65B8B8E1} = {19D96847-F491-4C17-979E-C74276D46831}
		{70ECF3CF-0984-4EAA-BE64-D18065FFB149} = {36512565-F75F-4636-949B-54ABCDD2055E}
		{56E37732-A6C5-4E0C-8EC7-72E399F92814} = {36512565-F75F-4636-949B-54ABCDD2055E}
		{ABDF6A52-773F-40BD-A656-2A5CFD9B0E14} = {7E4366EC-C6CA-4805-A553-137BC6C38C68}
		{14EAAB97-11AF-4764-B577-CD11C6E17C35} = {7E4366EC-C6CA-4805-A553-137BC6C38C68}
		{8BFAC462-7A38-4AFA-A8DE-D21930CFEA87} = {13E94EF3-433B-4492-8138-2574CB8F547B}
		{3ECDE0A3-B8CA-46B7-AE2E-1A52502F057F} = {13E94EF3-433B-4492-8138-2574CB8F547B}
		{75D66AD6-23CA-4DB7-98E3-A7635260BE68} = {13E94EF3-433B-4492-8138-2574CB8F547B}
		{332A8F15-0A51-4AC7-BA53-A65DE9888ECF} = {F575F948-3C4C-415A-A993-3F029F6F9B29}
		{17A9B60F-26E9-40C7-85A3-9FAABE9FD161} = {96D0AFD7-FDEA-47BA-A568-DAECABF5F397}
		{CB11403C-9270-48B3-8F06-9D57A2D4653D} = {C1C21233-5CF2-4D77-92BA-3D1890AD0AA2}
		{7E48B834-A599-4E83-8CF5-14E96BD7CC90} = {CB11403C-9270-48B3-8F06-9D57A2D4653D}
	EndGlobalSection
	GlobalSection(ExtensibilityGlobals) = postSolution
		SolutionGuid = {5749C860-2B1A-4EEF-8B3E-A366F8E48EEF}
	EndGlobalSection
EndGlobal
